// !$*UTF8*$!
{
	archiveVersion = 1;
	classes = {
	};
	objectVersion = 50;
	objects = {

/* Begin PBXBuildFile section */
		A262A43D21B8ED98005368D7 /* AppDelegate.swift in Sources */ = {isa = PBXBuildFile; fileRef = A262A43C21B8ED98005368D7 /* AppDelegate.swift */; };
		A262A43F21B8ED98005368D7 /* ViewController.swift in Sources */ = {isa = PBXBuildFile; fileRef = A262A43E21B8ED98005368D7 /* ViewController.swift */; };
		A262A44221B8ED98005368D7 /* Main.storyboard in Resources */ = {isa = PBXBuildFile; fileRef = A262A44021B8ED98005368D7 /* Main.storyboard */; };
		A262A44421B8ED9A005368D7 /* Assets.xcassets in Resources */ = {isa = PBXBuildFile; fileRef = A262A44321B8ED9A005368D7 /* Assets.xcassets */; };
		A262A44721B8ED9A005368D7 /* LaunchScreen.storyboard in Resources */ = {isa = PBXBuildFile; fileRef = A262A44521B8ED9A005368D7 /* LaunchScreen.storyboard */; };
		A262A45221B8ED9A005368D7 /* AutoResizingTableViewInsideTableViewCellTests.swift in Sources */ = {isa = PBXBuildFile; fileRef = A262A45121B8ED9A005368D7 /* AutoResizingTableViewInsideTableViewCellTests.swift */; };
/* End PBXBuildFile section */

/* Begin PBXContainerItemProxy section */
		A262A44E21B8ED9A005368D7 /* PBXContainerItemProxy */ = {
			isa = PBXContainerItemProxy;
			containerPortal = A262A43121B8ED98005368D7 /* Project object */;
			proxyType = 1;
			remoteGlobalIDString = A262A43821B8ED98005368D7;
			remoteInfo = AutoResizingTableViewInsideTableViewCell;
		};
/* End PBXContainerItemProxy section */

/* Begin PBXFileReference section */
		A262A43921B8ED98005368D7 /* AutoResizingTableViewInsideTableViewCell.app */ = {isa = PBXFileReference; explicitFileType = wrapper.application; includeInIndex = 0; path = AutoResizingTableViewInsideTableViewCell.app; sourceTree = BUILT_PRODUCTS_DIR; };
		A262A43C21B8ED98005368D7 /* AppDelegate.swift */ = {isa = PBXFileReference; lastKnownFileType = sourcecode.swift; path = AppDelegate.swift; sourceTree = "<group>"; };
		A262A43E21B8ED98005368D7 /* ViewController.swift */ = {isa = PBXFileReference; lastKnownFileType = sourcecode.swift; path = ViewController.swift; sourceTree = "<group>"; };
		A262A44121B8ED98005368D7 /* Base */ = {isa = PBXFileReference; lastKnownFileType = file.storyboard; name = Base; path = Base.lproj/Main.storyboard; sourceTree = "<group>"; };
		A262A44321B8ED9A005368D7 /* Assets.xcassets */ = {isa = PBXFileReference; lastKnownFileType = folder.assetcatalog; path = Assets.xcassets; sourceTree = "<group>"; };
		A262A44621B8ED9A005368D7 /* Base */ = {isa = PBXFileReference; lastKnownFileType = file.storyboard; name = Base; path = Base.lproj/LaunchScreen.storyboard; sourceTree = "<group>"; };
		A262A44821B8ED9A005368D7 /* Info.plist */ = {isa = PBXFileReference; lastKnownFileType = text.plist.xml; path = Info.plist; sourceTree = "<group>"; };
		A262A44D21B8ED9A005368D7 /* AutoResizingTableViewInsideTableViewCellTests.xctest */ = {isa = PBXFileReference; explicitFileType = wrapper.cfbundle; includeInIndex = 0; path = AutoResizingTableViewInsideTableViewCellTests.xctest; sourceTree = BUILT_PRODUCTS_DIR; };
		A262A45121B8ED9A005368D7 /* AutoResizingTableViewInsideTableViewCellTests.swift */ = {isa = PBXFileReference; lastKnownFileType = sourcecode.swift; path = AutoResizingTableViewInsideTableViewCellTests.swift; sourceTree = "<group>"; };
		A262A45321B8ED9A005368D7 /* Info.plist */ = {isa = PBXFileReference; lastKnownFileType = text.plist.xml; path = Info.plist; sourceTree = "<group>"; };
/* End PBXFileReference section */

/* Begin PBXFrameworksBuildPhase section */
		A262A43621B8ED98005368D7 /* Frameworks */ = {
			isa = PBXFrameworksBuildPhase;
			buildActionMask = 2147483647;
			files = (
			);
			runOnlyForDeploymentPostprocessing = 0;
		};
		A262A44A21B8ED9A005368D7 /* Frameworks */ = {
			isa = PBXFrameworksBuildPhase;
			buildActionMask = 2147483647;
			files = (
			);
			runOnlyForDeploymentPostprocessing = 0;
		};
/* End PBXFrameworksBuildPhase section */

/* Begin PBXGroup section */
		A262A43021B8ED98005368D7 = {
			isa = PBXGroup;
			children = (
				A262A43B21B8ED98005368D7 /* AutoResizingTableViewInsideTableViewCell */,
				A262A45021B8ED9A005368D7 /* AutoResizingTableViewInsideTableViewCellTests */,
				A262A43A21B8ED98005368D7 /* Products */,
			);
			sourceTree = "<group>";
		};
		A262A43A21B8ED98005368D7 /* Products */ = {
			isa = PBXGroup;
			children = (
				A262A43921B8ED98005368D7 /* AutoResizingTableViewInsideTableViewCell.app */,
				A262A44D21B8ED9A005368D7 /* AutoResizingTableViewInsideTableViewCellTests.xctest */,
			);
			name = Products;
			sourceTree = "<group>";
		};
		A262A43B21B8ED98005368D7 /* AutoResizingTableViewInsideTableViewCell */ = {
			isa = PBXGroup;
			children = (
				A262A43C21B8ED98005368D7 /* AppDelegate.swift */,
				A262A43E21B8ED98005368D7 /* ViewController.swift */,
				A262A44021B8ED98005368D7 /* Main.storyboard */,
				A262A44321B8ED9A005368D7 /* Assets.xcassets */,
				A262A44521B8ED9A005368D7 /* LaunchScreen.storyboard */,
				A262A44821B8ED9A005368D7 /* Info.plist */,
			);
			path = AutoResizingTableViewInsideTableViewCell;
			sourceTree = "<group>";
		};
		A262A45021B8ED9A005368D7 /* AutoResizingTableViewInsideTableViewCellTests */ = {
			isa = PBXGroup;
			children = (
				A262A45121B8ED9A005368D7 /* AutoResizingTableViewInsideTableViewCellTests.swift */,
				A262A45321B8ED9A005368D7 /* Info.plist */,
			);
			path = AutoResizingTableViewInsideTableViewCellTests;
			sourceTree = "<group>";
		};
/* End PBXGroup section */

/* Begin PBXNativeTarget section */
		A262A43821B8ED98005368D7 /* AutoResizingTableViewInsideTableViewCell */ = {
			isa = PBXNativeTarget;
			buildConfigurationList = A262A45621B8ED9A005368D7 /* Build configuration list for PBXNativeTarget "AutoResizingTableViewInsideTableViewCell" */;
			buildPhases = (
				A262A43521B8ED98005368D7 /* Sources */,
				A262A43621B8ED98005368D7 /* Frameworks */,
				A262A43721B8ED98005368D7 /* Resources */,
			);
			buildRules = (
			);
			dependencies = (
			);
			name = AutoResizingTableViewInsideTableViewCell;
			productName = AutoResizingTableViewInsideTableViewCell;
			productReference = A262A43921B8ED98005368D7 /* AutoResizingTableViewInsideTableViewCell.app */;
			productType = "com.apple.product-type.application";
		};
		A262A44C21B8ED9A005368D7 /* AutoResizingTableViewInsideTableViewCellTests */ = {
			isa = PBXNativeTarget;
			buildConfigurationList = A262A45921B8ED9A005368D7 /* Build configuration list for PBXNativeTarget "AutoResizingTableViewInsideTableViewCellTests" */;
			buildPhases = (
				A262A44921B8ED9A005368D7 /* Sources */,
				A262A44A21B8ED9A005368D7 /* Frameworks */,
				A262A44B21B8ED9A005368D7 /* Resources */,
			);
			buildRules = (
			);
			dependencies = (
				A262A44F21B8ED9A005368D7 /* PBXTargetDependency */,
			);
			name = AutoResizingTableViewInsideTableViewCellTests;
			productName = AutoResizingTableViewInsideTableViewCellTests;
			productReference = A262A44D21B8ED9A005368D7 /* AutoResizingTableViewInsideTableViewCellTests.xctest */;
			productType = "com.apple.product-type.bundle.unit-test";
		};
/* End PBXNativeTarget section */

/* Begin PBXProject section */
		A262A43121B8ED98005368D7 /* Project object */ = {
			isa = PBXProject;
			attributes = {
				LastSwiftUpdateCheck = 1010;
				LastUpgradeCheck = 1010;
				ORGANIZATIONNAME = Baiaman;
				TargetAttributes = {
					A262A43821B8ED98005368D7 = {
						CreatedOnToolsVersion = 10.1;
					};
					A262A44C21B8ED9A005368D7 = {
						CreatedOnToolsVersion = 10.1;
						TestTargetID = A262A43821B8ED98005368D7;
					};
				};
			};
			buildConfigurationList = A262A43421B8ED98005368D7 /* Build configuration list for PBXProject "AutoResizingTableViewInsideTableViewCell" */;
			compatibilityVersion = "Xcode 9.3";
			developmentRegion = en;
			hasScannedForEncodings = 0;
			knownRegions = (
				en,
				Base,
			);
			mainGroup = A262A43021B8ED98005368D7;
			productRefGroup = A262A43A21B8ED98005368D7 /* Products */;
			projectDirPath = "";
			projectRoot = "";
			targets = (
				A262A43821B8ED98005368D7 /* AutoResizingTableViewInsideTableViewCell */,
				A262A44C21B8ED9A005368D7 /* AutoResizingTableViewInsideTableViewCellTests */,
			);
		};
/* End PBXProject section */

/* Begin PBXResourcesBuildPhase section */
		A262A43721B8ED98005368D7 /* Resources */ = {
			isa = PBXResourcesBuildPhase;
			buildActionMask = 2147483647;
			files = (
				A262A44721B8ED9A005368D7 /* LaunchScreen.storyboard in Resources */,
				A262A44421B8ED9A005368D7 /* Assets.xcassets in Resources */,
				A262A44221B8ED98005368D7 /* Main.storyboard in Resources */,
			);
			runOnlyForDeploymentPostprocessing = 0;
		};
		A262A44B21B8ED9A005368D7 /* Resources */ = {
			isa = PBXResourcesBuildPhase;
			buildActionMask = 2147483647;
			files = (
			);
			runOnlyForDeploymentPostprocessing = 0;
		};
/* End PBXResourcesBuildPhase section */

/* Begin PBXSourcesBuildPhase section */
		A262A43521B8ED98005368D7 /* Sources */ = {
			isa = PBXSourcesBuildPhase;
			buildActionMask = 2147483647;
			files = (
				A262A43F21B8ED98005368D7 /* ViewController.swift in Sources */,
				A262A43D21B8ED98005368D7 /* AppDelegate.swift in Sources */,
			);
			runOnlyForDeploymentPostprocessing = 0;
		};
		A262A44921B8ED9A005368D7 /* Sources */ = {
			isa = PBXSourcesBuildPhase;
			buildActionMask = 2147483647;
			files = (
				A262A45221B8ED9A005368D7 /* AutoResizingTableViewInsideTableViewCellTests.swift in Sources */,
			);
			runOnlyForDeploymentPostprocessing = 0;
		};
/* End PBXSourcesBuildPhase section */

/* Begin PBXTargetDependency section */
		A262A44F21B8ED9A005368D7 /* PBXTargetDependency */ = {
			isa = PBXTargetDependency;
			target = A262A43821B8ED98005368D7 /* AutoResizingTableViewInsideTableViewCell */;
			targetProxy = A262A44E21B8ED9A005368D7 /* PBXContainerItemProxy */;
		};
/* End PBXTargetDependency section */

/* Begin PBXVariantGroup section */
		A262A44021B8ED98005368D7 /* Main.storyboard */ = {
			isa = PBXVariantGroup;
			children = (
				A262A44121B8ED98005368D7 /* Base */,
			);
			name = Main.storyboard;
			sourceTree = "<group>";
		};
		A262A44521B8ED9A005368D7 /* LaunchScreen.storyboard */ = {
			isa = PBXVariantGroup;
			children = (
				A262A44621B8ED9A005368D7 /* Base */,
			);
			name = LaunchScreen.storyboard;
			sourceTree = "<group>";
		};
/* End PBXVariantGroup section */

/* Begin XCBuildConfiguration section */
		A262A45421B8ED9A005368D7 /* Debug */ = {
			isa = XCBuildConfiguration;
			buildSettings = {
				ALWAYS_SEARCH_USER_PATHS = NO;
				CLANG_ANALYZER_NONNULL = YES;
				CLANG_ANALYZER_NUMBER_OBJECT_CONVERSION = YES_AGGRESSIVE;
				CLANG_CXX_LANGUAGE_STANDARD = "gnu++14";
				CLANG_CXX_LIBRARY = "libc++";
				CLANG_ENABLE_MODULES = YES;
				CLANG_ENABLE_OBJC_ARC = YES;
				CLANG_ENABLE_OBJC_WEAK = YES;
				CLANG_WARN_BLOCK_CAPTURE_AUTORELEASING = YES;
				CLANG_WARN_BOOL_CONVERSION = YES;
				CLANG_WARN_COMMA = YES;
				CLANG_WARN_CONSTANT_CONVERSION = YES;
				CLANG_WARN_DEPRECATED_OBJC_IMPLEMENTATIONS = YES;
				CLANG_WARN_DIRECT_OBJC_ISA_USAGE = YES_ERROR;
				CLANG_WARN_DOCUMENTATION_COMMENTS = YES;
				CLANG_WARN_EMPTY_BODY = YES;
				CLANG_WARN_ENUM_CONVERSION = YES;
				CLANG_WARN_INFINITE_RECURSION = YES;
				CLANG_WARN_INT_CONVERSION = YES;
				CLANG_WARN_NON_LITERAL_NULL_CONVERSION = YES;
				CLANG_WARN_OBJC_IMPLICIT_RETAIN_SELF = YES;
				CLANG_WARN_OBJC_LITERAL_CONVERSION = YES;
				CLANG_WARN_OBJC_ROOT_CLASS = YES_ERROR;
				CLANG_WARN_RANGE_LOOP_ANALYSIS = YES;
				CLANG_WARN_STRICT_PROTOTYPES = YES;
				CLANG_WARN_SUSPICIOUS_MOVE = YES;
				CLANG_WARN_UNGUARDED_AVAILABILITY = YES_AGGRESSIVE;
				CLANG_WARN_UNREACHABLE_CODE = YES;
				CLANG_WARN__DUPLICATE_METHOD_MATCH = YES;
				CODE_SIGN_IDENTITY = "iPhone Developer";
				COPY_PHASE_STRIP = NO;
				DEBUG_INFORMATION_FORMAT = dwarf;
				ENABLE_STRICT_OBJC_MSGSEND = YES;
				ENABLE_TESTABILITY = YES;
				GCC_C_LANGUAGE_STANDARD = gnu11;
				GCC_DYNAMIC_NO_PIC = NO;
				GCC_NO_COMMON_BLOCKS = YES;
				GCC_OPTIMIZATION_LEVEL = 0;
				GCC_PREPROCESSOR_DEFINITIONS = (
					"DEBUG=1",
					"$(inherited)",
				);
				GCC_WARN_64_TO_32_BIT_CONVERSION = YES;
				GCC_WARN_ABOUT_RETURN_TYPE = YES_ERROR;
				GCC_WARN_UNDECLARED_SELECTOR = YES;
				GCC_WARN_UNINITIALIZED_AUTOS = YES_AGGRESSIVE;
				GCC_WARN_UNUSED_FUNCTION = YES;
				GCC_WARN_UNUSED_VARIABLE = YES;
				IPHONEOS_DEPLOYMENT_TARGET = 12.1;
				MTL_ENABLE_DEBUG_INFO = INCLUDE_SOURCE;
				MTL_FAST_MATH = YES;
				ONLY_ACTIVE_ARCH = YES;
				SDKROOT = iphoneos;
				SWIFT_ACTIVE_COMPILATION_CONDITIONS = DEBUG;
				SWIFT_OPTIMIZATION_LEVEL = "-Onone";
			};
			name = Debug;
		};
		A262A45521B8ED9A005368D7 /* Release */ = {
			isa = XCBuildConfiguration;
			buildSettings = {
				ALWAYS_SEARCH_USER_PATHS = NO;
				CLANG_ANALYZER_NONNULL = YES;
				CLANG_ANALYZER_NUMBER_OBJECT_CONVERSION = YES_AGGRESSIVE;
				CLANG_CXX_LANGUAGE_STANDARD = "gnu++14";
				CLANG_CXX_LIBRARY = "libc++";
				CLANG_ENABLE_MODULES = YES;
				CLANG_ENABLE_OBJC_ARC = YES;
				CLANG_ENABLE_OBJC_WEAK = YES;
				CLANG_WARN_BLOCK_CAPTURE_AUTORELEASING = YES;
				CLANG_WARN_BOOL_CONVERSION = YES;
				CLANG_WARN_COMMA = YES;
				CLANG_WARN_CONSTANT_CONVERSION = YES;
				CLANG_WARN_DEPRECATED_OBJC_IMPLEMENTATIONS = YES;
				CLANG_WARN_DIRECT_OBJC_ISA_USAGE = YES_ERROR;
				CLANG_WARN_DOCUMENTATION_COMMENTS = YES;
				CLANG_WARN_EMPTY_BODY = YES;
				CLANG_WARN_ENUM_CONVERSION = YES;
				CLANG_WARN_INFINITE_RECURSION = YES;
				CLANG_WARN_INT_CONVERSION = YES;
				CLANG_WARN_NON_LITERAL_NULL_CONVERSION = YES;
				CLANG_WARN_OBJC_IMPLICIT_RETAIN_SELF = YES;
				CLANG_WARN_OBJC_LITERAL_CONVERSION = YES;
				CLANG_WARN_OBJC_ROOT_CLASS = YES_ERROR;
				CLANG_WARN_RANGE_LOOP_ANALYSIS = YES;
				CLANG_WARN_STRICT_PROTOTYPES = YES;
				CLANG_WARN_SUSPICIOUS_MOVE = YES;
				CLANG_WARN_UNGUARDED_AVAILABILITY = YES_AGGRESSIVE;
				CLANG_WARN_UNREACHABLE_CODE = YES;
				CLANG_WARN__DUPLICATE_METHOD_MATCH = YES;
				CODE_SIGN_IDENTITY = "iPhone Developer";
				COPY_PHASE_STRIP = NO;
				DEBUG_INFORMATION_FORMAT = "dwarf-with-dsym";
				ENABLE_NS_ASSERTIONS = NO;
				ENABLE_STRICT_OBJC_MSGSEND = YES;
				GCC_C_LANGUAGE_STANDARD = gnu11;
				GCC_NO_COMMON_BLOCKS = YES;
				GCC_WARN_64_TO_32_BIT_CONVERSION = YES;
				GCC_WARN_ABOUT_RETURN_TYPE = YES_ERROR;
				GCC_WARN_UNDECLARED_SELECTOR = YES;
				GCC_WARN_UNINITIALIZED_AUTOS = YES_AGGRESSIVE;
				GCC_WARN_UNUSED_FUNCTION = YES;
				GCC_WARN_UNUSED_VARIABLE = YES;
				IPHONEOS_DEPLOYMENT_TARGET = 12.1;
				MTL_ENABLE_DEBUG_INFO = NO;
				MTL_FAST_MATH = YES;
				SDKROOT = iphoneos;
				SWIFT_COMPILATION_MODE = wholemodule;
				SWIFT_OPTIMIZATION_LEVEL = "-O";
				VALIDATE_PRODUCT = YES;
			};
			name = Release;
		};
		A262A45721B8ED9A005368D7 /* Debug */ = {
			isa = XCBuildConfiguration;
			buildSettings = {
				ASSETCATALOG_COMPILER_APPICON_NAME = AppIcon;
				CODE_SIGN_STYLE = Automatic;
				INFOPLIST_FILE = AutoResizingTableViewInsideTableViewCell/Info.plist;
				LD_RUNPATH_SEARCH_PATHS = (
					"$(inherited)",
					"@executable_path/Frameworks",
				);
				PRODUCT_BUNDLE_IDENTIFIER = mirsoft.kg.AutoResizingTableViewInsideTableViewCell;
				PRODUCT_NAME = "$(TARGET_NAME)";
				SWIFT_VERSION = 4.2;
				TARGETED_DEVICE_FAMILY = "1,2";
			};
			name = Debug;
		};
		A262A45821B8ED9A005368D7 /* Release */ = {
			isa = XCBuildConfiguration;
			buildSettings = {
				ASSETCATALOG_COMPILER_APPICON_NAME = AppIcon;
				CODE_SIGN_STYLE = Automatic;
				INFOPLIST_FILE = AutoResizingTableViewInsideTableViewCell/Info.plist;
				LD_RUNPATH_SEARCH_PATHS = (
					"$(inherited)",
					"@executable_path/Frameworks",
				);
				PRODUCT_BUNDLE_IDENTIFIER = mirsoft.kg.AutoResizingTableViewInsideTableViewCell;
				PRODUCT_NAME = "$(TARGET_NAME)";
				SWIFT_VERSION = 4.2;
				TARGETED_DEVICE_FAMILY = "1,2";
			};
			name = Release;
		};
		A262A45A21B8ED9A005368D7 /* Debug */ = {
			isa = XCBuildConfiguration;
			buildSettings = {
				ALWAYS_EMBED_SWIFT_STANDARD_LIBRARIES = YES;
				BUNDLE_LOADER = "$(TEST_HOST)";
				CODE_SIGN_STYLE = Automatic;
				INFOPLIST_FILE = AutoResizingTableViewInsideTableViewCellTests/Info.plist;
				LD_RUNPATH_SEARCH_PATHS = (
					"$(inherited)",
					"@executable_path/Frameworks",
					"@loader_path/Frameworks",
				);
				PRODUCT_BUNDLE_IDENTIFIER = mirsoft.kg.AutoResizingTableViewInsideTableViewCellTests;
				PRODUCT_NAME = "$(TARGET_NAME)";
				SWIFT_VERSION = 4.2;
				TARGETED_DEVICE_FAMILY = "1,2";
				TEST_HOST = "$(BUILT_PRODUCTS_DIR)/AutoResizingTableViewInsideTableViewCell.app/AutoResizingTableViewInsideTableViewCell";
			};
			name = Debug;
		};
		A262A45B21B8ED9A005368D7 /* Release */ = {
			isa = XCBuildConfiguration;
			buildSettings = {
				ALWAYS_EMBED_SWIFT_STANDARD_LIBRARIES = YES;
				BUNDLE_LOADER = "$(TEST_HOST)";
				CODE_SIGN_STYLE = Automatic;
				INFOPLIST_FILE = AutoResizingTableViewInsideTableViewCellTests/Info.plist;
				LD_RUNPATH_SEARCH_PATHS = (
					"$(inherited)",
					"@executable_path/Frameworks",
					"@loader_path/Frameworks",
				);
				PRODUCT_BUNDLE_IDENTIFIER = mirsoft.kg.AutoResizingTableViewInsideTableViewCellTests;
				PRODUCT_NAME = "$(TARGET_NAME)";
				SWIFT_VERSION = 4.2;
				TARGETED_DEVICE_FAMILY = "1,2";
				TEST_HOST = "$(BUILT_PRODUCTS_DIR)/AutoResizingTableViewInsideTableViewCell.app/AutoResizingTableViewInsideTableViewCell";
			};
			name = Release;
		};
/* End XCBuildConfiguration section */

/* Begin XCConfigurationList section */
		A262A43421B8ED98005368D7 /* Build configuration list for PBXProject "AutoResizingTableViewInsideTableViewCell" */ = {
			isa = XCConfigurationList;
			buildConfigurations = (
				A262A45421B8ED9A005368D7 /* Debug */,
				A262A45521B8ED9A005368D7 /* Release */,
			);
			defaultConfigurationIsVisible = 0;
			defaultConfigurationName = Release;
		};
		A262A45621B8ED9A005368D7 /* Build configuration list for PBXNativeTarget "AutoResizingTableViewInsideTableViewCell" */ = {
			isa = XCConfigurationList;
			buildConfigurations = (
				A262A45721B8ED9A005368D7 /* Debug */,
				A262A45821B8ED9A005368D7 /* Release */,
			);
			defaultConfigurationIsVisible = 0;
			defaultConfigurationName = Release;
		};
		A262A45921B8ED9A005368D7 /* Build configuration list for PBXNativeTarget "AutoResizingTableViewInsideTableViewCellTests" */ = {
			isa = XCConfigurationList;
			buildConfigurations = (
				A262A45A21B8ED9A005368D7 /* Debug */,
				A262A45B21B8ED9A005368D7 /* Release */,
			);
			defaultConfigurationIsVisible = 0;
			defaultConfigurationName = Release;
		};
/* End XCConfigurationList section */
	};
	rootObject = A262A43121B8ED98005368D7 /* Project object */;
}
